
Microsoft Visual Studio Solution File, Format Version 12.00
# Visual Studio Version 17
VisualStudioVersion = 17.9.34728.123
MinimumVisualStudioVersion = 10.0.40219.1
Project("{9A19103F-16F7-4668-BE54-9A1E7A4F7556}") = "Input", "Csharp_Updated\Input.csproj", "{08114A83-C1E5-4797-A170-4BF2996BAE84}"
EndProject
Project("{9A19103F-16F7-4668-BE54-9A1E7A4F7556}") = "MiniProject_01", "MiniProject_01\MiniProject_01.csproj", "{43CDA90A-61C8-4BD4-A562-BB82DE2D6AF2}"
EndProject
Project("{9A19103F-16F7-4668-BE54-9A1E7A4F7556}") = "Conditionals", "Conditionals\Conditionals.csproj", "{A3F6ABDF-87F9-4378-B209-5E990614CB12}"
EndProject
Project("{9A19103F-16F7-4668-BE54-9A1E7A4F7556}") = "Quizz", "Quizz\Quizz.csproj", "{29C48B48-74E2-4FF8-BCB3-36E48EE3227F}"
EndProject
Project("{9A19103F-16F7-4668-BE54-9A1E7A4F7556}") = "IntroducctionToLoops", "IntroducctionToLoops\IntroducctionToLoops.csproj", "{CABD961B-815E-46F3-9FBB-44184359DDF1}"
EndProject
Project("{9A19103F-16F7-4668-BE54-9A1E7A4F7556}") = "TextAventureGame", "TextAventureGame\TextAventureGame.csproj", "{90F28205-5DC2-4321-8510-3C4651BE1161}"
EndProject
Project("{9A19103F-16F7-4668-BE54-9A1E7A4F7556}") = "MiniProjectCalculateAverage", "MiniProjectCalculateAverage\MiniProjectCalculateAverage.csproj", "{7B4C7FF9-125F-4B64-9C7F-DAA63EA3428F}"
EndProject
Project("{9A19103F-16F7-4668-BE54-9A1E7A4F7556}") = "IntroductionsTo Arrays", "IntroductionsTo Arrays\IntroductionsTo Arrays.csproj", "{5E83306B-959F-4269-ADDE-37E135CD73E6}"
EndProject
Project("{9A19103F-16F7-4668-BE54-9A1E7A4F7556}") = "ThreeDimensionalsArray", "ThreeDimensionalsArray\ThreeDimensionalsArray.csproj", "{7E9A5C01-DEC0-4963-A5FD-FB4AD7FFA804}"
EndProject
Project("{9A19103F-16F7-4668-BE54-9A1E7A4F7556}") = "IntroductionToParameters", "IntroductionToParameters\IntroductionToParameters.csproj", "{63D6AA00-64B0-4240-98AA-5902CEBF5E0D}"
EndProject
Project("{9A19103F-16F7-4668-BE54-9A1E7A4F7556}") = "Collecttions", "Collecttions\Collecttions.csproj", "{264C847F-D848-49EA-83CE-1D5A18859DC4}"
EndProject
Project("{9A19103F-16F7-4668-BE54-9A1E7A4F7556}") = "ListsApp", "ListsApp\ListsApp.csproj", "{4DCD2FA2-8B62-425C-949E-1FE6C56CC3C8}"
EndProject
Project("{9A19103F-16F7-4668-BE54-9A1E7A4F7556}") = "Nullables", "Nullables\Nullables.csproj", "{5C6ABC2F-03B4-4991-BBBD-04CAE6CF3AD9}"
EndProject
Project("{9A19103F-16F7-4668-BE54-9A1E7A4F7556}") = "Dictionaries", "Dictionaries\Dictionaries.csproj", "{197B2EA9-0E56-43DE-8B64-05AA014FEE0B}"
EndProject
Project("{9A19103F-16F7-4668-BE54-9A1E7A4F7556}") = "InheritanceBaseClassLecture", "InheritanceBaseClassLecture\InheritanceBaseClassLecture.csproj", "{977D3346-C9C4-4E7F-8712-1251586FAAEB}"
EndProject
Project("{9A19103F-16F7-4668-BE54-9A1E7A4F7556}") = "InterfacesSmall_Introducction", "InterfacesLecture\InterfacesSmall_Introducction.csproj", "{CF226A76-E78E-4281-8175-E01DA16A6660}"
EndProject
Project("{9A19103F-16F7-4668-BE54-9A1E7A4F7556}") = "InterfacesApp", "InterfacesApp\InterfacesApp.csproj", "{E55DFA6A-3CCE-407A-8EAE-2F6E2476C806}"
EndProject
Project("{9A19103F-16F7-4668-BE54-9A1E7A4F7556}") = "StoringLog", "StoringLog\StoringLog.csproj", "{4E985C95-B44A-4218-A23D-29760BD655F1}"
EndProject
Project("{9A19103F-16F7-4668-BE54-9A1E7A4F7556}") = "DependencyInjectionLecture", "DependencyInjectionLecture\DependencyInjectionLecture.csproj", "{A511F88B-EFEF-446F-9FF0-EC8FE71CDEB7}"
EndProject
Project("{9A19103F-16F7-4668-BE54-9A1E7A4F7556}") = "DependendyInjectionUsingSetter", "DependendyInjectionUsingSetter\DependendyInjectionUsingSetter.csproj", "{3F986B4C-B25A-4192-822D-339CF5CA4C3E}"
EndProject
Project("{9A19103F-16F7-4668-BE54-9A1E7A4F7556}") = "DependencyInjectioInterface", "DependencyInjectioInterface\DependencyInjectioInterface.csproj", "{0AA65151-7B26-4776-AA1D-52BB0E2801E1}"
EndProject
Project("{9A19103F-16F7-4668-BE54-9A1E7A4F7556}") = "MultipleInheritance", "MultipleInheritance\MultipleInheritance.csproj", "{52BE1595-8018-425A-BDE0-00B9333BBF8B}"
EndProject
Project("{9A19103F-16F7-4668-BE54-9A1E7A4F7556}") = "StructsApp", "StructsApp\StructsApp.csproj", "{B114FFC4-7508-447F-806E-DAF466037333}"
EndProject
Project("{FAE04EC0-301F-11D3-BF4B-00C04F79EFBC}") = "EnumsC", "EnumsC\EnumsC.csproj", "{8A512BC1-107F-4123-8B59-606310FABDE9}"
EndProject
Project("{FAE04EC0-301F-11D3-BF4B-00C04F79EFBC}") = "DateTimeT", "DateTimeT\DateTimeT.csproj", "{0BD38636-113E-42A8-9A59-0F16F93E291D}"
EndProject
Project("{FAE04EC0-301F-11D3-BF4B-00C04F79EFBC}") = "MathE", "MathE\MathE.csproj", "{8C6D6F46-72A8-45BF-822A-7A5B9D5DEF82}"
EndProject
Global
	GlobalSection(SolutionConfigurationPlatforms) = preSolution
		Debug|Any CPU = Debug|Any CPU
		Release|Any CPU = Release|Any CPU
	EndGlobalSection
	GlobalSection(ProjectConfigurationPlatforms) = postSolution
		{08114A83-C1E5-4797-A170-4BF2996BAE84}.Debug|Any CPU.ActiveCfg = Debug|Any CPU
		{08114A83-C1E5-4797-A170-4BF2996BAE84}.Debug|Any CPU.Build.0 = Debug|Any CPU
		{08114A83-C1E5-4797-A170-4BF2996BAE84}.Release|Any CPU.ActiveCfg = Release|Any CPU
		{08114A83-C1E5-4797-A170-4BF2996BAE84}.Release|Any CPU.Build.0 = Release|Any CPU
		{43CDA90A-61C8-4BD4-A562-BB82DE2D6AF2}.Debug|Any CPU.ActiveCfg = Debug|Any CPU
		{43CDA90A-61C8-4BD4-A562-BB82DE2D6AF2}.Debug|Any CPU.Build.0 = Debug|Any CPU
		{43CDA90A-61C8-4BD4-A562-BB82DE2D6AF2}.Release|Any CPU.ActiveCfg = Release|Any CPU
		{43CDA90A-61C8-4BD4-A562-BB82DE2D6AF2}.Release|Any CPU.Build.0 = Release|Any CPU
		{A3F6ABDF-87F9-4378-B209-5E990614CB12}.Debug|Any CPU.ActiveCfg = Debug|Any CPU
		{A3F6ABDF-87F9-4378-B209-5E990614CB12}.Debug|Any CPU.Build.0 = Debug|Any CPU
		{A3F6ABDF-87F9-4378-B209-5E990614CB12}.Release|Any CPU.ActiveCfg = Release|Any CPU
		{A3F6ABDF-87F9-4378-B209-5E990614CB12}.Release|Any CPU.Build.0 = Release|Any CPU
		{29C48B48-74E2-4FF8-BCB3-36E48EE3227F}.Debug|Any CPU.ActiveCfg = Debug|Any CPU
		{29C48B48-74E2-4FF8-BCB3-36E48EE3227F}.Debug|Any CPU.Build.0 = Debug|Any CPU
		{29C48B48-74E2-4FF8-BCB3-36E48EE3227F}.Release|Any CPU.ActiveCfg = Release|Any CPU
		{29C48B48-74E2-4FF8-BCB3-36E48EE3227F}.Release|Any CPU.Build.0 = Release|Any CPU
		{CABD961B-815E-46F3-9FBB-44184359DDF1}.Debug|Any CPU.ActiveCfg = Debug|Any CPU
		{CABD961B-815E-46F3-9FBB-44184359DDF1}.Debug|Any CPU.Build.0 = Debug|Any CPU
		{CABD961B-815E-46F3-9FBB-44184359DDF1}.Release|Any CPU.ActiveCfg = Release|Any CPU
		{CABD961B-815E-46F3-9FBB-44184359DDF1}.Release|Any CPU.Build.0 = Release|Any CPU
		{90F28205-5DC2-4321-8510-3C4651BE1161}.Debug|Any CPU.ActiveCfg = Debug|Any CPU
		{90F28205-5DC2-4321-8510-3C4651BE1161}.Debug|Any CPU.Build.0 = Debug|Any CPU
		{90F28205-5DC2-4321-8510-3C4651BE1161}.Release|Any CPU.ActiveCfg = Release|Any CPU
		{90F28205-5DC2-4321-8510-3C4651BE1161}.Release|Any CPU.Build.0 = Release|Any CPU
		{7B4C7FF9-125F-4B64-9C7F-DAA63EA3428F}.Debug|Any CPU.ActiveCfg = Debug|Any CPU
		{7B4C7FF9-125F-4B64-9C7F-DAA63EA3428F}.Debug|Any CPU.Build.0 = Debug|Any CPU
		{7B4C7FF9-125F-4B64-9C7F-DAA63EA3428F}.Release|Any CPU.ActiveCfg = Release|Any CPU
		{7B4C7FF9-125F-4B64-9C7F-DAA63EA3428F}.Release|Any CPU.Build.0 = Release|Any CPU
		{5E83306B-959F-4269-ADDE-37E135CD73E6}.Debug|Any CPU.ActiveCfg = Debug|Any CPU
		{5E83306B-959F-4269-ADDE-37E135CD73E6}.Debug|Any CPU.Build.0 = Debug|Any CPU
		{5E83306B-959F-4269-ADDE-37E135CD73E6}.Release|Any CPU.ActiveCfg = Release|Any CPU
		{5E83306B-959F-4269-ADDE-37E135CD73E6}.Release|Any CPU.Build.0 = Release|Any CPU
		{7E9A5C01-DEC0-4963-A5FD-FB4AD7FFA804}.Debug|Any CPU.ActiveCfg = Debug|Any CPU
		{7E9A5C01-DEC0-4963-A5FD-FB4AD7FFA804}.Debug|Any CPU.Build.0 = Debug|Any CPU
		{7E9A5C01-DEC0-4963-A5FD-FB4AD7FFA804}.Release|Any CPU.ActiveCfg = Release|Any CPU
		{7E9A5C01-DEC0-4963-A5FD-FB4AD7FFA804}.Release|Any CPU.Build.0 = Release|Any CPU
		{63D6AA00-64B0-4240-98AA-5902CEBF5E0D}.Debug|Any CPU.ActiveCfg = Debug|Any CPU
		{63D6AA00-64B0-4240-98AA-5902CEBF5E0D}.Debug|Any CPU.Build.0 = Debug|Any CPU
		{63D6AA00-64B0-4240-98AA-5902CEBF5E0D}.Release|Any CPU.ActiveCfg = Release|Any CPU
		{63D6AA00-64B0-4240-98AA-5902CEBF5E0D}.Release|Any CPU.Build.0 = Release|Any CPU
		{264C847F-D848-49EA-83CE-1D5A18859DC4}.Debug|Any CPU.ActiveCfg = Debug|Any CPU
		{264C847F-D848-49EA-83CE-1D5A18859DC4}.Debug|Any CPU.Build.0 = Debug|Any CPU
		{264C847F-D848-49EA-83CE-1D5A18859DC4}.Release|Any CPU.ActiveCfg = Release|Any CPU
		{264C847F-D848-49EA-83CE-1D5A18859DC4}.Release|Any CPU.Build.0 = Release|Any CPU
		{4DCD2FA2-8B62-425C-949E-1FE6C56CC3C8}.Debug|Any CPU.ActiveCfg = Debug|Any CPU
		{4DCD2FA2-8B62-425C-949E-1FE6C56CC3C8}.Debug|Any CPU.Build.0 = Debug|Any CPU
		{4DCD2FA2-8B62-425C-949E-1FE6C56CC3C8}.Release|Any CPU.ActiveCfg = Release|Any CPU
		{4DCD2FA2-8B62-425C-949E-1FE6C56CC3C8}.Release|Any CPU.Build.0 = Release|Any CPU
		{5C6ABC2F-03B4-4991-BBBD-04CAE6CF3AD9}.Debug|Any CPU.ActiveCfg = Debug|Any CPU
		{5C6ABC2F-03B4-4991-BBBD-04CAE6CF3AD9}.Debug|Any CPU.Build.0 = Debug|Any CPU
		{5C6ABC2F-03B4-4991-BBBD-04CAE6CF3AD9}.Release|Any CPU.ActiveCfg = Release|Any CPU
		{5C6ABC2F-03B4-4991-BBBD-04CAE6CF3AD9}.Release|Any CPU.Build.0 = Release|Any CPU
		{197B2EA9-0E56-43DE-8B64-05AA014FEE0B}.Debug|Any CPU.ActiveCfg = Debug|Any CPU
		{197B2EA9-0E56-43DE-8B64-05AA014FEE0B}.Debug|Any CPU.Build.0 = Debug|Any CPU
		{197B2EA9-0E56-43DE-8B64-05AA014FEE0B}.Release|Any CPU.ActiveCfg = Release|Any CPU
		{197B2EA9-0E56-43DE-8B64-05AA014FEE0B}.Release|Any CPU.Build.0 = Release|Any CPU
		{977D3346-C9C4-4E7F-8712-1251586FAAEB}.Debug|Any CPU.ActiveCfg = Debug|Any CPU
		{977D3346-C9C4-4E7F-8712-1251586FAAEB}.Debug|Any CPU.Build.0 = Debug|Any CPU
		{977D3346-C9C4-4E7F-8712-1251586FAAEB}.Release|Any CPU.ActiveCfg = Release|Any CPU
		{977D3346-C9C4-4E7F-8712-1251586FAAEB}.Release|Any CPU.Build.0 = Release|Any CPU
		{CF226A76-E78E-4281-8175-E01DA16A6660}.Debug|Any CPU.ActiveCfg = Debug|Any CPU
		{CF226A76-E78E-4281-8175-E01DA16A6660}.Debug|Any CPU.Build.0 = Debug|Any CPU
		{CF226A76-E78E-4281-8175-E01DA16A6660}.Release|Any CPU.ActiveCfg = Release|Any CPU
		{CF226A76-E78E-4281-8175-E01DA16A6660}.Release|Any CPU.Build.0 = Release|Any CPU
		{E55DFA6A-3CCE-407A-8EAE-2F6E2476C806}.Debug|Any CPU.ActiveCfg = Debug|Any CPU
		{E55DFA6A-3CCE-407A-8EAE-2F6E2476C806}.Debug|Any CPU.Build.0 = Debug|Any CPU
		{E55DFA6A-3CCE-407A-8EAE-2F6E2476C806}.Release|Any CPU.ActiveCfg = Release|Any CPU
		{E55DFA6A-3CCE-407A-8EAE-2F6E2476C806}.Release|Any CPU.Build.0 = Release|Any CPU
		{4E985C95-B44A-4218-A23D-29760BD655F1}.Debug|Any CPU.ActiveCfg = Debug|Any CPU
		{4E985C95-B44A-4218-A23D-29760BD655F1}.Debug|Any CPU.Build.0 = Debug|Any CPU
		{4E985C95-B44A-4218-A23D-29760BD655F1}.Release|Any CPU.ActiveCfg = Release|Any CPU
		{4E985C95-B44A-4218-A23D-29760BD655F1}.Release|Any CPU.Build.0 = Release|Any CPU
		{A511F88B-EFEF-446F-9FF0-EC8FE71CDEB7}.Debug|Any CPU.ActiveCfg = Debug|Any CPU
		{A511F88B-EFEF-446F-9FF0-EC8FE71CDEB7}.Debug|Any CPU.Build.0 = Debug|Any CPU
		{A511F88B-EFEF-446F-9FF0-EC8FE71CDEB7}.Release|Any CPU.ActiveCfg = Release|Any CPU
		{A511F88B-EFEF-446F-9FF0-EC8FE71CDEB7}.Release|Any CPU.Build.0 = Release|Any CPU
		{3F986B4C-B25A-4192-822D-339CF5CA4C3E}.Debug|Any CPU.ActiveCfg = Debug|Any CPU
		{3F986B4C-B25A-4192-822D-339CF5CA4C3E}.Debug|Any CPU.Build.0 = Debug|Any CPU
		{3F986B4C-B25A-4192-822D-339CF5CA4C3E}.Release|Any CPU.ActiveCfg = Release|Any CPU
		{3F986B4C-B25A-4192-822D-339CF5CA4C3E}.Release|Any CPU.Build.0 = Release|Any CPU
		{0AA65151-7B26-4776-AA1D-52BB0E2801E1}.Debug|Any CPU.ActiveCfg = Debug|Any CPU
		{0AA65151-7B26-4776-AA1D-52BB0E2801E1}.Debug|Any CPU.Build.0 = Debug|Any CPU
		{0AA65151-7B26-4776-AA1D-52BB0E2801E1}.Release|Any CPU.ActiveCfg = Release|Any CPU
		{0AA65151-7B26-4776-AA1D-52BB0E2801E1}.Release|Any CPU.Build.0 = Release|Any CPU
		{52BE1595-8018-425A-BDE0-00B9333BBF8B}.Debug|Any CPU.ActiveCfg = Debug|Any CPU
		{52BE1595-8018-425A-BDE0-00B9333BBF8B}.Debug|Any CPU.Build.0 = Debug|Any CPU
		{52BE1595-8018-425A-BDE0-00B9333BBF8B}.Release|Any CPU.ActiveCfg = Release|Any CPU
		{52BE1595-8018-425A-BDE0-00B9333BBF8B}.Release|Any CPU.Build.0 = Release|Any CPU
		{B114FFC4-7508-447F-806E-DAF466037333}.Debug|Any CPU.ActiveCfg = Debug|Any CPU
		{B114FFC4-7508-447F-806E-DAF466037333}.Debug|Any CPU.Build.0 = Debug|Any CPU
		{B114FFC4-7508-447F-806E-DAF466037333}.Release|Any CPU.ActiveCfg = Release|Any CPU
		{B114FFC4-7508-447F-806E-DAF466037333}.Release|Any CPU.Build.0 = Release|Any CPU
		{8A512BC1-107F-4123-8B59-606310FABDE9}.Debug|Any CPU.ActiveCfg = Debug|Any CPU
		{8A512BC1-107F-4123-8B59-606310FABDE9}.Debug|Any CPU.Build.0 = Debug|Any CPU
		{8A512BC1-107F-4123-8B59-606310FABDE9}.Release|Any CPU.ActiveCfg = Release|Any CPU
		{8A512BC1-107F-4123-8B59-606310FABDE9}.Release|Any CPU.Build.0 = Release|Any CPU
		{0BD38636-113E-42A8-9A59-0F16F93E291D}.Debug|Any CPU.ActiveCfg = Debug|Any CPU
		{0BD38636-113E-42A8-9A59-0F16F93E291D}.Debug|Any CPU.Build.0 = Debug|Any CPU
		{0BD38636-113E-42A8-9A59-0F16F93E291D}.Release|Any CPU.ActiveCfg = Release|Any CPU
		{0BD38636-113E-42A8-9A59-0F16F93E291D}.Release|Any CPU.Build.0 = Release|Any CPU
		{8C6D6F46-72A8-45BF-822A-7A5B9D5DEF82}.Debug|Any CPU.ActiveCfg = Debug|Any CPU
		{8C6D6F46-72A8-45BF-822A-7A5B9D5DEF82}.Debug|Any CPU.Build.0 = Debug|Any CPU
		{8C6D6F46-72A8-45BF-822A-7A5B9D5DEF82}.Release|Any CPU.ActiveCfg = Release|Any CPU
		{8C6D6F46-72A8-45BF-822A-7A5B9D5DEF82}.Release|Any CPU.Build.0 = Release|Any CPU
	EndGlobalSection
	GlobalSection(SolutionProperties) = preSolution
		HideSolutionNode = FALSE
	EndGlobalSection
	GlobalSection(ExtensibilityGlobals) = postSolution
		SolutionGuid = {191DDE4A-D747-4C35-A317-D495149E2BEB}
	EndGlobalSection
EndGlobal
