
Microsoft Visual Studio Solution File, Format Version 12.00
# Visual Studio Version 17
VisualStudioVersion = 17.9.34728.123
MinimumVisualStudioVersion = 10.0.40219.1
Project("{9A19103F-16F7-4668-BE54-9A1E7A4F7556}") = "Input", "Csharp_Updated\Input.csproj", "{08114A83-C1E5-4797-A170-4BF2996BAE84}"
EndProject
Project("{9A19103F-16F7-4668-BE54-9A1E7A4F7556}") = "MiniProject_01", "MiniProject_01\MiniProject_01.csproj", "{43CDA90A-61C8-4BD4-A562-BB82DE2D6AF2}"
EndProject
Project("{9A19103F-16F7-4668-BE54-9A1E7A4F7556}") = "Conditionals", "Conditionals\Conditionals.csproj", "{A3F6ABDF-87F9-4378-B209-5E990614CB12}"
EndProject
Project("{9A19103F-16F7-4668-BE54-9A1E7A4F7556}") = "Quizz", "Quizz\Quizz.csproj", "{29C48B48-74E2-4FF8-BCB3-36E48EE3227F}"
EndProject
Project("{9A19103F-16F7-4668-BE54-9A1E7A4F7556}") = "IntroducctionToLoops", "IntroducctionToLoops\IntroducctionToLoops.csproj", "{CABD961B-815E-46F3-9FBB-44184359DDF1}"
EndProject
Project("{9A19103F-16F7-4668-BE54-9A1E7A4F7556}") = "TextAventureGame", "TextAventureGame\TextAventureGame.csproj", "{90F28205-5DC2-4321-8510-3C4651BE1161}"
EndProject
Project("{FAE04EC0-301F-11D3-BF4B-00C04F79EFBC}") = "MiniProjectCalculateAverage", "MiniProjectCalculateAverage\MiniProjectCalculateAverage.csproj", "{7B4C7FF9-125F-4B64-9C7F-DAA63EA3428F}"
EndProject
Project("{FAE04EC0-301F-11D3-BF4B-00C04F79EFBC}") = "IntroductionsTo Arrays", "IntroductionsTo Arrays\IntroductionsTo Arrays.csproj", "{5E83306B-959F-4269-ADDE-37E135CD73E6}"
EndProject
Global
	GlobalSection(SolutionConfigurationPlatforms) = preSolution
		Debug|Any CPU = Debug|Any CPU
		Release|Any CPU = Release|Any CPU
	EndGlobalSection
	GlobalSection(ProjectConfigurationPlatforms) = postSolution
		{08114A83-C1E5-4797-A170-4BF2996BAE84}.Debug|Any CPU.ActiveCfg = Debug|Any CPU
		{08114A83-C1E5-4797-A170-4BF2996BAE84}.Debug|Any CPU.Build.0 = Debug|Any CPU
		{08114A83-C1E5-4797-A170-4BF2996BAE84}.Release|Any CPU.ActiveCfg = Release|Any CPU
		{08114A83-C1E5-4797-A170-4BF2996BAE84}.Release|Any CPU.Build.0 = Release|Any CPU
		{43CDA90A-61C8-4BD4-A562-BB82DE2D6AF2}.Debug|Any CPU.ActiveCfg = Debug|Any CPU
		{43CDA90A-61C8-4BD4-A562-BB82DE2D6AF2}.Debug|Any CPU.Build.0 = Debug|Any CPU
		{43CDA90A-61C8-4BD4-A562-BB82DE2D6AF2}.Release|Any CPU.ActiveCfg = Release|Any CPU
		{43CDA90A-61C8-4BD4-A562-BB82DE2D6AF2}.Release|Any CPU.Build.0 = Release|Any CPU
		{A3F6ABDF-87F9-4378-B209-5E990614CB12}.Debug|Any CPU.ActiveCfg = Debug|Any CPU
		{A3F6ABDF-87F9-4378-B209-5E990614CB12}.Debug|Any CPU.Build.0 = Debug|Any CPU
		{A3F6ABDF-87F9-4378-B209-5E990614CB12}.Release|Any CPU.ActiveCfg = Release|Any CPU
		{A3F6ABDF-87F9-4378-B209-5E990614CB12}.Release|Any CPU.Build.0 = Release|Any CPU
		{29C48B48-74E2-4FF8-BCB3-36E48EE3227F}.Debug|Any CPU.ActiveCfg = Debug|Any CPU
		{29C48B48-74E2-4FF8-BCB3-36E48EE3227F}.Debug|Any CPU.Build.0 = Debug|Any CPU
		{29C48B48-74E2-4FF8-BCB3-36E48EE3227F}.Release|Any CPU.ActiveCfg = Release|Any CPU
		{29C48B48-74E2-4FF8-BCB3-36E48EE3227F}.Release|Any CPU.Build.0 = Release|Any CPU
		{CABD961B-815E-46F3-9FBB-44184359DDF1}.Debug|Any CPU.ActiveCfg = Debug|Any CPU
		{CABD961B-815E-46F3-9FBB-44184359DDF1}.Debug|Any CPU.Build.0 = Debug|Any CPU
		{CABD961B-815E-46F3-9FBB-44184359DDF1}.Release|Any CPU.ActiveCfg = Release|Any CPU
		{CABD961B-815E-46F3-9FBB-44184359DDF1}.Release|Any CPU.Build.0 = Release|Any CPU
		{90F28205-5DC2-4321-8510-3C4651BE1161}.Debug|Any CPU.ActiveCfg = Debug|Any CPU
		{90F28205-5DC2-4321-8510-3C4651BE1161}.Debug|Any CPU.Build.0 = Debug|Any CPU
		{90F28205-5DC2-4321-8510-3C4651BE1161}.Release|Any CPU.ActiveCfg = Release|Any CPU
		{90F28205-5DC2-4321-8510-3C4651BE1161}.Release|Any CPU.Build.0 = Release|Any CPU
		{7B4C7FF9-125F-4B64-9C7F-DAA63EA3428F}.Debug|Any CPU.ActiveCfg = Debug|Any CPU
		{7B4C7FF9-125F-4B64-9C7F-DAA63EA3428F}.Debug|Any CPU.Build.0 = Debug|Any CPU
		{7B4C7FF9-125F-4B64-9C7F-DAA63EA3428F}.Release|Any CPU.ActiveCfg = Release|Any CPU
		{7B4C7FF9-125F-4B64-9C7F-DAA63EA3428F}.Release|Any CPU.Build.0 = Release|Any CPU
		{5E83306B-959F-4269-ADDE-37E135CD73E6}.Debug|Any CPU.ActiveCfg = Debug|Any CPU
		{5E83306B-959F-4269-ADDE-37E135CD73E6}.Debug|Any CPU.Build.0 = Debug|Any CPU
		{5E83306B-959F-4269-ADDE-37E135CD73E6}.Release|Any CPU.ActiveCfg = Release|Any CPU
		{5E83306B-959F-4269-ADDE-37E135CD73E6}.Release|Any CPU.Build.0 = Release|Any CPU
	EndGlobalSection
	GlobalSection(SolutionProperties) = preSolution
		HideSolutionNode = FALSE
	EndGlobalSection
	GlobalSection(ExtensibilityGlobals) = postSolution
		SolutionGuid = {191DDE4A-D747-4C35-A317-D495149E2BEB}
	EndGlobalSection
EndGlobal
